// !$*UTF8*$!
{
	archiveVersion = 1;
	classes = {
	};
	objectVersion = 46;
	objects = {

/* Begin PBXBuildFile section */
		BE12B06EF2F1F9BF18FEF0CE /* libPods.a in Frameworks */ = {isa = PBXBuildFile; fileRef = 4FA174C9B5FAF6A44EA98256 /* libPods.a */; };
		FE0370C71B2FD5C9008EB3B5 /* ReadViewController.m in Sources */ = {isa = PBXBuildFile; fileRef = FE0370C61B2FD5C9008EB3B5 /* ReadViewController.m */; };
		FE0700F31B395C39006481D9 /* novel_zip in Resources */ = {isa = PBXBuildFile; fileRef = FE0700F21B395C39006481D9 /* novel_zip */; };
		FE16DA141B2A797300DAB210 /* Images.xcassets in Resources */ = {isa = PBXBuildFile; fileRef = FE16DA131B2A797300DAB210 /* Images.xcassets */; };
		FEB78EB71B3259B6006F68AB /* MoreViewController.m in Sources */ = {isa = PBXBuildFile; fileRef = FEB78EB61B3259B6006F68AB /* MoreViewController.m */; };
		FEC8160F1B2E73A800B3EF4B /* HttpActionMgr.m in Sources */ = {isa = PBXBuildFile; fileRef = FEC8160E1B2E73A800B3EF4B /* HttpActionMgr.m */; };
		FEC816121B2E7B0C00B3EF4B /* LActionBase.m in Sources */ = {isa = PBXBuildFile; fileRef = FEC816111B2E7B0C00B3EF4B /* LActionBase.m */; };
		FECDC5C11B38F3A8004BC0FA /* FengMianViewController.m in Sources */ = {isa = PBXBuildFile; fileRef = FECDC5C01B38F3A8004BC0FA /* FengMianViewController.m */; };
		FEDCFEFD1B01A8AB00EED8C5 /* aaimageview.m in Sources */ = {isa = PBXBuildFile; fileRef = FEDCFEFC1B01A8AB00EED8C5 /* aaimageview.m */; };
		FEDDC6D31B31165E00219537 /* BitMask.m in Sources */ = {isa = PBXBuildFile; fileRef = FEDDC6D11B31165E00219537 /* BitMask.m */; };
		FEDE11401B298A960057B585 /* TestTableViewController.m in Sources */ = {isa = PBXBuildFile; fileRef = FEDE113F1B298A960057B585 /* TestTableViewController.m */; };
		FEDE11431B298DCA0057B585 /* TestTableViewCell.m in Sources */ = {isa = PBXBuildFile; fileRef = FEDE11421B298DCA0057B585 /* TestTableViewCell.m */; };
		FEDE6C0C1B2A775100EBE115 /* Default-568h@2x.png in Resources */ = {isa = PBXBuildFile; fileRef = FEDE6C081B2A775100EBE115 /* Default-568h@2x.png */; };
		FEDE6C0D1B2A775100EBE115 /* Default@2x.png in Resources */ = {isa = PBXBuildFile; fileRef = FEDE6C091B2A775100EBE115 /* Default@2x.png */; };
		FEDE6C0E1B2A775100EBE115 /* Default-750h@2x.png in Resources */ = {isa = PBXBuildFile; fileRef = FEDE6C0A1B2A775100EBE115 /* Default-750h@2x.png */; };
		FEDE6C0F1B2A775100EBE115 /* Default-1242@3x.png in Resources */ = {isa = PBXBuildFile; fileRef = FEDE6C0B1B2A775100EBE115 /* Default-1242@3x.png */; };
		FEFC23D41AFC60B3009C89ED /* main.m in Sources */ = {isa = PBXBuildFile; fileRef = FEFC23D31AFC60B3009C89ED /* main.m */; };
		FEFC23D71AFC60B3009C89ED /* AppDelegate.m in Sources */ = {isa = PBXBuildFile; fileRef = FEFC23D61AFC60B3009C89ED /* AppDelegate.m */; };
		FEFC23DA1AFC60B3009C89ED /* ViewController.m in Sources */ = {isa = PBXBuildFile; fileRef = FEFC23D91AFC60B3009C89ED /* ViewController.m */; };
		FEFC23DD1AFC60B3009C89ED /* Main.storyboard in Resources */ = {isa = PBXBuildFile; fileRef = FEFC23DB1AFC60B3009C89ED /* Main.storyboard */; };
		FEFC23EE1AFC60B3009C89ED /* MyMapTests.m in Sources */ = {isa = PBXBuildFile; fileRef = FEFC23ED1AFC60B3009C89ED /* MyMapTests.m */; };
/* End PBXBuildFile section */

/* Begin PBXContainerItemProxy section */
		FEFC23E81AFC60B3009C89ED /* PBXContainerItemProxy */ = {
			isa = PBXContainerItemProxy;
			containerPortal = FEFC23C61AFC60B3009C89ED /* Project object */;
			proxyType = 1;
			remoteGlobalIDString = FEFC23CD1AFC60B3009C89ED;
			remoteInfo = MyMap;
		};
/* End PBXContainerItemProxy section */

/* Begin PBXFileReference section */
		4FA174C9B5FAF6A44EA98256 /* libPods.a */ = {isa = PBXFileReference; explicitFileType = archive.ar; includeInIndex = 0; path = libPods.a; sourceTree = BUILT_PRODUCTS_DIR; };
		77EB0B7EC50AB2581F43C5DC /* Pods.debug.xcconfig */ = {isa = PBXFileReference; includeInIndex = 1; lastKnownFileType = text.xcconfig; name = Pods.debug.xcconfig; path = "Pods/Target Support Files/Pods/Pods.debug.xcconfig"; sourceTree = "<group>"; };
		80FFF66CF28A81892809F96A /* Pods.release.xcconfig */ = {isa = PBXFileReference; includeInIndex = 1; lastKnownFileType = text.xcconfig; name = Pods.release.xcconfig; path = "Pods/Target Support Files/Pods/Pods.release.xcconfig"; sourceTree = "<group>"; };
		FE0370C51B2FD5C9008EB3B5 /* ReadViewController.h */ = {isa = PBXFileReference; fileEncoding = 4; lastKnownFileType = sourcecode.c.h; path = ReadViewController.h; sourceTree = "<group>"; };
		FE0370C61B2FD5C9008EB3B5 /* ReadViewController.m */ = {isa = PBXFileReference; fileEncoding = 4; lastKnownFileType = sourcecode.c.objc; path = ReadViewController.m; sourceTree = "<group>"; };
		FE0700F21B395C39006481D9 /* novel_zip */ = {isa = PBXFileReference; lastKnownFileType = folder; path = novel_zip; sourceTree = "<group>"; };
		FE16DA131B2A797300DAB210 /* Images.xcassets */ = {isa = PBXFileReference; lastKnownFileType = folder.assetcatalog; path = Images.xcassets; sourceTree = "<group>"; };
		FEB78EB51B3259B5006F68AB /* MoreViewController.h */ = {isa = PBXFileReference; fileEncoding = 4; lastKnownFileType = sourcecode.c.h; path = MoreViewController.h; sourceTree = "<group>"; };
		FEB78EB61B3259B6006F68AB /* MoreViewController.m */ = {isa = PBXFileReference; fileEncoding = 4; lastKnownFileType = sourcecode.c.objc; path = MoreViewController.m; sourceTree = "<group>"; };
		FEB78EEA1B32A0E1006F68AB /* MyMap.pch */ = {isa = PBXFileReference; fileEncoding = 4; lastKnownFileType = sourcecode.c.h; path = MyMap.pch; sourceTree = "<group>"; };
		FEC8160D1B2E73A800B3EF4B /* HttpActionMgr.h */ = {isa = PBXFileReference; fileEncoding = 4; lastKnownFileType = sourcecode.c.h; path = HttpActionMgr.h; sourceTree = "<group>"; };
		FEC8160E1B2E73A800B3EF4B /* HttpActionMgr.m */ = {isa = PBXFileReference; fileEncoding = 4; lastKnownFileType = sourcecode.c.objc; path = HttpActionMgr.m; sourceTree = "<group>"; };
		FEC816101B2E7B0C00B3EF4B /* LActionBase.h */ = {isa = PBXFileReference; fileEncoding = 4; lastKnownFileType = sourcecode.c.h; path = LActionBase.h; sourceTree = "<group>"; };
		FEC816111B2E7B0C00B3EF4B /* LActionBase.m */ = {isa = PBXFileReference; fileEncoding = 4; lastKnownFileType = sourcecode.c.objc; path = LActionBase.m; sourceTree = "<group>"; };
		FECDC5BF1B38F3A7004BC0FA /* FengMianViewController.h */ = {isa = PBXFileReference; fileEncoding = 4; lastKnownFileType = sourcecode.c.h; path = FengMianViewController.h; sourceTree = "<group>"; };
		FECDC5C01B38F3A8004BC0FA /* FengMianViewController.m */ = {isa = PBXFileReference; fileEncoding = 4; lastKnownFileType = sourcecode.c.objc; path = FengMianViewController.m; sourceTree = "<group>"; };
		FEDCFEFB1B01A8AB00EED8C5 /* aaimageview.h */ = {isa = PBXFileReference; fileEncoding = 4; lastKnownFileType = sourcecode.c.h; path = aaimageview.h; sourceTree = "<group>"; };
		FEDCFEFC1B01A8AB00EED8C5 /* aaimageview.m */ = {isa = PBXFileReference; fileEncoding = 4; lastKnownFileType = sourcecode.c.objc; path = aaimageview.m; sourceTree = "<group>"; };
		FEDDC6D11B31165E00219537 /* BitMask.m */ = {isa = PBXFileReference; fileEncoding = 4; lastKnownFileType = sourcecode.c.objc; path = BitMask.m; sourceTree = "<group>"; };
		FEDDC6D21B31165E00219537 /* BitMask.h */ = {isa = PBXFileReference; fileEncoding = 4; lastKnownFileType = sourcecode.c.h; path = BitMask.h; sourceTree = "<group>"; };
		FEDE113E1B298A960057B585 /* TestTableViewController.h */ = {isa = PBXFileReference; fileEncoding = 4; lastKnownFileType = sourcecode.c.h; path = TestTableViewController.h; sourceTree = "<group>"; };
		FEDE113F1B298A960057B585 /* TestTableViewController.m */ = {isa = PBXFileReference; fileEncoding = 4; lastKnownFileType = sourcecode.c.objc; path = TestTableViewController.m; sourceTree = "<group>"; };
		FEDE11411B298DCA0057B585 /* TestTableViewCell.h */ = {isa = PBXFileReference; fileEncoding = 4; lastKnownFileType = sourcecode.c.h; path = TestTableViewCell.h; sourceTree = "<group>"; };
		FEDE11421B298DCA0057B585 /* TestTableViewCell.m */ = {isa = PBXFileReference; fileEncoding = 4; lastKnownFileType = sourcecode.c.objc; path = TestTableViewCell.m; sourceTree = "<group>"; };
		FEDE6C081B2A775100EBE115 /* Default-568h@2x.png */ = {isa = PBXFileReference; lastKnownFileType = image.png; path = "Default-568h@2x.png"; sourceTree = "<group>"; };
		FEDE6C091B2A775100EBE115 /* Default@2x.png */ = {isa = PBXFileReference; lastKnownFileType = image.png; path = "Default@2x.png"; sourceTree = "<group>"; };
		FEDE6C0A1B2A775100EBE115 /* Default-750h@2x.png */ = {isa = PBXFileReference; lastKnownFileType = image.png; path = "Default-750h@2x.png"; sourceTree = "<group>"; };
		FEDE6C0B1B2A775100EBE115 /* Default-1242@3x.png */ = {isa = PBXFileReference; lastKnownFileType = image.png; path = "Default-1242@3x.png"; sourceTree = "<group>"; };
		FEFC23CE1AFC60B3009C89ED /* MyMap.app */ = {isa = PBXFileReference; explicitFileType = wrapper.application; includeInIndex = 0; path = MyMap.app; sourceTree = BUILT_PRODUCTS_DIR; };
		FEFC23D21AFC60B3009C89ED /* Info.plist */ = {isa = PBXFileReference; lastKnownFileType = text.plist.xml; path = Info.plist; sourceTree = "<group>"; };
		FEFC23D31AFC60B3009C89ED /* main.m */ = {isa = PBXFileReference; lastKnownFileType = sourcecode.c.objc; path = main.m; sourceTree = "<group>"; };
		FEFC23D51AFC60B3009C89ED /* AppDelegate.h */ = {isa = PBXFileReference; lastKnownFileType = sourcecode.c.h; path = AppDelegate.h; sourceTree = "<group>"; };
		FEFC23D61AFC60B3009C89ED /* AppDelegate.m */ = {isa = PBXFileReference; lastKnownFileType = sourcecode.c.objc; path = AppDelegate.m; sourceTree = "<group>"; };
		FEFC23D81AFC60B3009C89ED /* ViewController.h */ = {isa = PBXFileReference; lastKnownFileType = sourcecode.c.h; path = ViewController.h; sourceTree = "<group>"; };
		FEFC23D91AFC60B3009C89ED /* ViewController.m */ = {isa = PBXFileReference; lastKnownFileType = sourcecode.c.objc; path = ViewController.m; sourceTree = "<group>"; };
		FEFC23DC1AFC60B3009C89ED /* Base */ = {isa = PBXFileReference; lastKnownFileType = file.storyboard; name = Base; path = Base.lproj/Main.storyboard; sourceTree = "<group>"; };
		FEFC23E71AFC60B3009C89ED /* MyMapTests.xctest */ = {isa = PBXFileReference; explicitFileType = wrapper.cfbundle; includeInIndex = 0; path = MyMapTests.xctest; sourceTree = BUILT_PRODUCTS_DIR; };
		FEFC23EC1AFC60B3009C89ED /* Info.plist */ = {isa = PBXFileReference; lastKnownFileType = text.plist.xml; path = Info.plist; sourceTree = "<group>"; };
		FEFC23ED1AFC60B3009C89ED /* MyMapTests.m */ = {isa = PBXFileReference; lastKnownFileType = sourcecode.c.objc; path = MyMapTests.m; sourceTree = "<group>"; };
/* End PBXFileReference section */

/* Begin PBXFrameworksBuildPhase section */
		FEFC23CB1AFC60B3009C89ED /* Frameworks */ = {
			isa = PBXFrameworksBuildPhase;
			buildActionMask = 2147483647;
			files = (
				BE12B06EF2F1F9BF18FEF0CE /* libPods.a in Frameworks */,
			);
			runOnlyForDeploymentPostprocessing = 0;
		};
		FEFC23E41AFC60B3009C89ED /* Frameworks */ = {
			isa = PBXFrameworksBuildPhase;
			buildActionMask = 2147483647;
			files = (
			);
			runOnlyForDeploymentPostprocessing = 0;
		};
/* End PBXFrameworksBuildPhase section */

/* Begin PBXGroup section */
		BCF282CBE26691DC2C022D81 /* Frameworks */ = {
			isa = PBXGroup;
			children = (
				4FA174C9B5FAF6A44EA98256 /* libPods.a */,
			);
			name = Frameworks;
			sourceTree = "<group>";
		};
		E62A16396111AED5989907BA /* Pods */ = {
			isa = PBXGroup;
			children = (
				77EB0B7EC50AB2581F43C5DC /* Pods.debug.xcconfig */,
				80FFF66CF28A81892809F96A /* Pods.release.xcconfig */,
			);
			name = Pods;
			sourceTree = "<group>";
		};
		FE1A42E61B394E1C00CCB71E /* Resurces */ = {
			isa = PBXGroup;
			children = (
				FE0700F21B395C39006481D9 /* novel_zip */,
			);
			path = Resurces;
			sourceTree = "<group>";
		};
		FEB1522A1B315F210032C70C /* Tool */ = {
			isa = PBXGroup;
			children = (
				FEDDC6D11B31165E00219537 /* BitMask.m */,
				FEDDC6D21B31165E00219537 /* BitMask.h */,
				FEC8160D1B2E73A800B3EF4B /* HttpActionMgr.h */,
				FEC8160E1B2E73A800B3EF4B /* HttpActionMgr.m */,
				FEC816101B2E7B0C00B3EF4B /* LActionBase.h */,
				FEC816111B2E7B0C00B3EF4B /* LActionBase.m */,
			);
			name = Tool;
			sourceTree = "<group>";
		};
		FEFC23C51AFC60B3009C89ED = {
			isa = PBXGroup;
			children = (
				FEFC23D01AFC60B3009C89ED /* MyMap */,
				FEFC23EA1AFC60B3009C89ED /* MyMapTests */,
				FEFC23CF1AFC60B3009C89ED /* Products */,
				E62A16396111AED5989907BA /* Pods */,
				BCF282CBE26691DC2C022D81 /* Frameworks */,
			);
			sourceTree = "<group>";
		};
		FEFC23CF1AFC60B3009C89ED /* Products */ = {
			isa = PBXGroup;
			children = (
				FEFC23CE1AFC60B3009C89ED /* MyMap.app */,
				FEFC23E71AFC60B3009C89ED /* MyMapTests.xctest */,
			);
			name = Products;
			sourceTree = "<group>";
		};
		FEFC23D01AFC60B3009C89ED /* MyMap */ = {
			isa = PBXGroup;
			children = (
				FE1A42E61B394E1C00CCB71E /* Resurces */,
				FEFD07261B31612F004714DA /* View */,
				FEB1522A1B315F210032C70C /* Tool */,
				FEFC23D51AFC60B3009C89ED /* AppDelegate.h */,
				FEFC23D61AFC60B3009C89ED /* AppDelegate.m */,
				FEFC23D81AFC60B3009C89ED /* ViewController.h */,
				FEFC23D91AFC60B3009C89ED /* ViewController.m */,
				FEDE113E1B298A960057B585 /* TestTableViewController.h */,
				FEDE113F1B298A960057B585 /* TestTableViewController.m */,
				FE0370C51B2FD5C9008EB3B5 /* ReadViewController.h */,
				FE0370C61B2FD5C9008EB3B5 /* ReadViewController.m */,
				FECDC5BF1B38F3A7004BC0FA /* FengMianViewController.h */,
				FECDC5C01B38F3A8004BC0FA /* FengMianViewController.m */,
				FEB78EB51B3259B5006F68AB /* MoreViewController.h */,
				FEB78EB61B3259B6006F68AB /* MoreViewController.m */,
				FEDE6C081B2A775100EBE115 /* Default-568h@2x.png */,
				FEDE6C091B2A775100EBE115 /* Default@2x.png */,
				FEDE6C0A1B2A775100EBE115 /* Default-750h@2x.png */,
				FEDE6C0B1B2A775100EBE115 /* Default-1242@3x.png */,
				FEDCFEFB1B01A8AB00EED8C5 /* aaimageview.h */,
				FEDCFEFC1B01A8AB00EED8C5 /* aaimageview.m */,
				FEB78EEA1B32A0E1006F68AB /* MyMap.pch */,
				FE16DA131B2A797300DAB210 /* Images.xcassets */,
				FEFC23DB1AFC60B3009C89ED /* Main.storyboard */,
				FEFC23D11AFC60B3009C89ED /* Supporting Files */,
			);
			path = MyMap;
			sourceTree = "<group>";
		};
		FEFC23D11AFC60B3009C89ED /* Supporting Files */ = {
			isa = PBXGroup;
			children = (
				FEFC23D21AFC60B3009C89ED /* Info.plist */,
				FEFC23D31AFC60B3009C89ED /* main.m */,
			);
			name = "Supporting Files";
			sourceTree = "<group>";
		};
		FEFC23EA1AFC60B3009C89ED /* MyMapTests */ = {
			isa = PBXGroup;
			children = (
				FEFC23ED1AFC60B3009C89ED /* MyMapTests.m */,
				FEFC23EB1AFC60B3009C89ED /* Supporting Files */,
			);
			path = MyMapTests;
			sourceTree = "<group>";
		};
		FEFC23EB1AFC60B3009C89ED /* Supporting Files */ = {
			isa = PBXGroup;
			children = (
				FEFC23EC1AFC60B3009C89ED /* Info.plist */,
			);
			name = "Supporting Files";
			sourceTree = "<group>";
		};
		FEFD07261B31612F004714DA /* View */ = {
			isa = PBXGroup;
			children = (
				FEDE11411B298DCA0057B585 /* TestTableViewCell.h */,
				FEDE11421B298DCA0057B585 /* TestTableViewCell.m */,
			);
			name = View;
			sourceTree = "<group>";
		};
/* End PBXGroup section */

/* Begin PBXNativeTarget section */
		FEFC23CD1AFC60B3009C89ED /* MyMap */ = {
			isa = PBXNativeTarget;
			buildConfigurationList = FEFC23F11AFC60B3009C89ED /* Build configuration list for PBXNativeTarget "MyMap" */;
			buildPhases = (
				17DACB01A0571AA77A33F0D6 /* Check Pods Manifest.lock */,
				FEFC23CA1AFC60B3009C89ED /* Sources */,
				FEFC23CB1AFC60B3009C89ED /* Frameworks */,
				FEFC23CC1AFC60B3009C89ED /* Resources */,
				DA7AABAB684EC26A1573A542 /* Copy Pods Resources */,
			);
			buildRules = (
			);
			dependencies = (
			);
			name = MyMap;
			productName = MyMap;
			productReference = FEFC23CE1AFC60B3009C89ED /* MyMap.app */;
			productType = "com.apple.product-type.application";
		};
		FEFC23E61AFC60B3009C89ED /* MyMapTests */ = {
			isa = PBXNativeTarget;
			buildConfigurationList = FEFC23F41AFC60B3009C89ED /* Build configuration list for PBXNativeTarget "MyMapTests" */;
			buildPhases = (
				FEFC23E31AFC60B3009C89ED /* Sources */,
				FEFC23E41AFC60B3009C89ED /* Frameworks */,
				FEFC23E51AFC60B3009C89ED /* Resources */,
			);
			buildRules = (
			);
			dependencies = (
				FEFC23E91AFC60B3009C89ED /* PBXTargetDependency */,
			);
			name = MyMapTests;
			productName = MyMapTests;
			productReference = FEFC23E71AFC60B3009C89ED /* MyMapTests.xctest */;
			productType = "com.apple.product-type.bundle.unit-test";
		};
/* End PBXNativeTarget section */

/* Begin PBXProject section */
		FEFC23C61AFC60B3009C89ED /* Project object */ = {
			isa = PBXProject;
			attributes = {
				LastUpgradeCheck = 0630;
				ORGANIZATIONNAME = Luck;
				TargetAttributes = {
					FEFC23CD1AFC60B3009C89ED = {
						CreatedOnToolsVersion = 6.3;
					};
					FEFC23E61AFC60B3009C89ED = {
						CreatedOnToolsVersion = 6.3;
						TestTargetID = FEFC23CD1AFC60B3009C89ED;
					};
				};
			};
			buildConfigurationList = FEFC23C91AFC60B3009C89ED /* Build configuration list for PBXProject "MyMap" */;
			compatibilityVersion = "Xcode 3.2";
			developmentRegion = English;
			hasScannedForEncodings = 0;
			knownRegions = (
				en,
				Base,
			);
			mainGroup = FEFC23C51AFC60B3009C89ED;
			productRefGroup = FEFC23CF1AFC60B3009C89ED /* Products */;
			projectDirPath = "";
			projectRoot = "";
			targets = (
				FEFC23CD1AFC60B3009C89ED /* MyMap */,
				FEFC23E61AFC60B3009C89ED /* MyMapTests */,
			);
		};
/* End PBXProject section */

/* Begin PBXResourcesBuildPhase section */
		FEFC23CC1AFC60B3009C89ED /* Resources */ = {
			isa = PBXResourcesBuildPhase;
			buildActionMask = 2147483647;
			files = (
				FEDE6C0E1B2A775100EBE115 /* Default-750h@2x.png in Resources */,
				FEDE6C0D1B2A775100EBE115 /* Default@2x.png in Resources */,
				FE16DA141B2A797300DAB210 /* Images.xcassets in Resources */,
				FEDE6C0C1B2A775100EBE115 /* Default-568h@2x.png in Resources */,
				FEFC23DD1AFC60B3009C89ED /* Main.storyboard in Resources */,
				FEDE6C0F1B2A775100EBE115 /* Default-1242@3x.png in Resources */,
				FE0700F31B395C39006481D9 /* novel_zip in Resources */,
			);
			runOnlyForDeploymentPostprocessing = 0;
		};
		FEFC23E51AFC60B3009C89ED /* Resources */ = {
			isa = PBXResourcesBuildPhase;
			buildActionMask = 2147483647;
			files = (
			);
			runOnlyForDeploymentPostprocessing = 0;
		};
/* End PBXResourcesBuildPhase section */

/* Begin PBXShellScriptBuildPhase section */
		17DACB01A0571AA77A33F0D6 /* Check Pods Manifest.lock */ = {
			isa = PBXShellScriptBuildPhase;
			buildActionMask = 2147483647;
			files = (
			);
			inputPaths = (
			);
			name = "Check Pods Manifest.lock";
			outputPaths = (
			);
			runOnlyForDeploymentPostprocessing = 0;
			shellPath = /bin/sh;
			shellScript = "diff \"${PODS_ROOT}/../Podfile.lock\" \"${PODS_ROOT}/Manifest.lock\" > /dev/null\nif [[ $? != 0 ]] ; then\n    cat << EOM\nerror: The sandbox is not in sync with the Podfile.lock. Run 'pod install' or update your CocoaPods installation.\nEOM\n    exit 1\nfi\n";
			showEnvVarsInLog = 0;
		};
		DA7AABAB684EC26A1573A542 /* Copy Pods Resources */ = {
			isa = PBXShellScriptBuildPhase;
			buildActionMask = 2147483647;
			files = (
			);
			inputPaths = (
			);
			name = "Copy Pods Resources";
			outputPaths = (
			);
			runOnlyForDeploymentPostprocessing = 0;
			shellPath = /bin/sh;
			shellScript = "\"${SRCROOT}/Pods/Target Support Files/Pods/Pods-resources.sh\"\n";
			showEnvVarsInLog = 0;
		};
/* End PBXShellScriptBuildPhase section */

/* Begin PBXSourcesBuildPhase section */
		FEFC23CA1AFC60B3009C89ED /* Sources */ = {
			isa = PBXSourcesBuildPhase;
			buildActionMask = 2147483647;
			files = (
				FEDCFEFD1B01A8AB00EED8C5 /* aaimageview.m in Sources */,
				FE0370C71B2FD5C9008EB3B5 /* ReadViewController.m in Sources */,
				FEDE11431B298DCA0057B585 /* TestTableViewCell.m in Sources */,
				FEFC23DA1AFC60B3009C89ED /* ViewController.m in Sources */,
				FEDE11401B298A960057B585 /* TestTableViewController.m in Sources */,
				FEFC23D71AFC60B3009C89ED /* AppDelegate.m in Sources */,
				FEC816121B2E7B0C00B3EF4B /* LActionBase.m in Sources */,
				FEDDC6D31B31165E00219537 /* BitMask.m in Sources */,
				FEFC23D41AFC60B3009C89ED /* main.m in Sources */,
				FEB78EB71B3259B6006F68AB /* MoreViewController.m in Sources */,
				FEC8160F1B2E73A800B3EF4B /* HttpActionMgr.m in Sources */,
				FECDC5C11B38F3A8004BC0FA /* FengMianViewController.m in Sources */,
			);
			runOnlyForDeploymentPostprocessing = 0;
		};
		FEFC23E31AFC60B3009C89ED /* Sources */ = {
			isa = PBXSourcesBuildPhase;
			buildActionMask = 2147483647;
			files = (
				FEFC23EE1AFC60B3009C89ED /* MyMapTests.m in Sources */,
			);
			runOnlyForDeploymentPostprocessing = 0;
		};
/* End PBXSourcesBuildPhase section */

/* Begin PBXTargetDependency section */
		FEFC23E91AFC60B3009C89ED /* PBXTargetDependency */ = {
			isa = PBXTargetDependency;
			target = FEFC23CD1AFC60B3009C89ED /* MyMap */;
			targetProxy = FEFC23E81AFC60B3009C89ED /* PBXContainerItemProxy */;
		};
/* End PBXTargetDependency section */

/* Begin PBXVariantGroup section */
		FEFC23DB1AFC60B3009C89ED /* Main.storyboard */ = {
			isa = PBXVariantGroup;
			children = (
				FEFC23DC1AFC60B3009C89ED /* Base */,
			);
			name = Main.storyboard;
			sourceTree = "<group>";
		};
/* End PBXVariantGroup section */

/* Begin XCBuildConfiguration section */
		FEFC23EF1AFC60B3009C89ED /* Debug */ = {
			isa = XCBuildConfiguration;
			buildSettings = {
				ALWAYS_SEARCH_USER_PATHS = NO;
				CLANG_CXX_LANGUAGE_STANDARD = "gnu++0x";
				CLANG_CXX_LIBRARY = "libc++";
				CLANG_ENABLE_MODULES = YES;
				CLANG_ENABLE_OBJC_ARC = YES;
				CLANG_WARN_BOOL_CONVERSION = YES;
				CLANG_WARN_CONSTANT_CONVERSION = YES;
				CLANG_WARN_DIRECT_OBJC_ISA_USAGE = YES_ERROR;
				CLANG_WARN_EMPTY_BODY = YES;
				CLANG_WARN_ENUM_CONVERSION = YES;
				CLANG_WARN_INT_CONVERSION = YES;
				CLANG_WARN_OBJC_ROOT_CLASS = YES_ERROR;
				CLANG_WARN_UNREACHABLE_CODE = YES;
				CLANG_WARN__DUPLICATE_METHOD_MATCH = YES;
				"CODE_SIGN_IDENTITY[sdk=iphoneos*]" = "iPhone Developer";
				COPY_PHASE_STRIP = NO;
				DEBUG_INFORMATION_FORMAT = "dwarf-with-dsym";
				ENABLE_STRICT_OBJC_MSGSEND = YES;
				GCC_C_LANGUAGE_STANDARD = gnu99;
				GCC_DYNAMIC_NO_PIC = NO;
				GCC_NO_COMMON_BLOCKS = YES;
				GCC_OPTIMIZATION_LEVEL = 0;
				GCC_PREPROCESSOR_DEFINITIONS = (
					"DEBUG=1",
					"$(inherited)",
				);
				GCC_SYMBOLS_PRIVATE_EXTERN = NO;
				GCC_WARN_64_TO_32_BIT_CONVERSION = YES;
				GCC_WARN_ABOUT_RETURN_TYPE = YES_ERROR;
				GCC_WARN_UNDECLARED_SELECTOR = YES;
				GCC_WARN_UNINITIALIZED_AUTOS = YES_AGGRESSIVE;
				GCC_WARN_UNUSED_FUNCTION = YES;
				GCC_WARN_UNUSED_VARIABLE = YES;
				IPHONEOS_DEPLOYMENT_TARGET = 8.3;
				MTL_ENABLE_DEBUG_INFO = YES;
				ONLY_ACTIVE_ARCH = YES;
				SDKROOT = iphoneos;
			};
			name = Debug;
		};
		FEFC23F01AFC60B3009C89ED /* Release */ = {
			isa = XCBuildConfiguration;
			buildSettings = {
				ALWAYS_SEARCH_USER_PATHS = NO;
				CLANG_CXX_LANGUAGE_STANDARD = "gnu++0x";
				CLANG_CXX_LIBRARY = "libc++";
				CLANG_ENABLE_MODULES = YES;
				CLANG_ENABLE_OBJC_ARC = YES;
				CLANG_WARN_BOOL_CONVERSION = YES;
				CLANG_WARN_CONSTANT_CONVERSION = YES;
				CLANG_WARN_DIRECT_OBJC_ISA_USAGE = YES_ERROR;
				CLANG_WARN_EMPTY_BODY = YES;
				CLANG_WARN_ENUM_CONVERSION = YES;
				CLANG_WARN_INT_CONVERSION = YES;
				CLANG_WARN_OBJC_ROOT_CLASS = YES_ERROR;
				CLANG_WARN_UNREACHABLE_CODE = YES;
				CLANG_WARN__DUPLICATE_METHOD_MATCH = YES;
				"CODE_SIGN_IDENTITY[sdk=iphoneos*]" = "iPhone Developer";
				COPY_PHASE_STRIP = NO;
				DEBUG_INFORMATION_FORMAT = "dwarf-with-dsym";
				ENABLE_NS_ASSERTIONS = NO;
				ENABLE_STRICT_OBJC_MSGSEND = YES;
				GCC_C_LANGUAGE_STANDARD = gnu99;
				GCC_NO_COMMON_BLOCKS = YES;
				GCC_WARN_64_TO_32_BIT_CONVERSION = YES;
				GCC_WARN_ABOUT_RETURN_TYPE = YES_ERROR;
				GCC_WARN_UNDECLARED_SELECTOR = YES;
				GCC_WARN_UNINITIALIZED_AUTOS = YES_AGGRESSIVE;
				GCC_WARN_UNUSED_FUNCTION = YES;
				GCC_WARN_UNUSED_VARIABLE = YES;
				IPHONEOS_DEPLOYMENT_TARGET = 8.3;
				MTL_ENABLE_DEBUG_INFO = NO;
				SDKROOT = iphoneos;
				VALIDATE_PRODUCT = YES;
			};
			name = Release;
		};
		FEFC23F21AFC60B3009C89ED /* Debug */ = {
			isa = XCBuildConfiguration;
			baseConfigurationReference = 77EB0B7EC50AB2581F43C5DC /* Pods.debug.xcconfig */;
			buildSettings = {
				ASSETCATALOG_COMPILER_APPICON_NAME = AppIcon;
				ASSETCATALOG_COMPILER_LAUNCHIMAGE_NAME = LaunchImage;
				GCC_PRECOMPILE_PREFIX_HEADER = YES;
				GCC_PREFIX_HEADER = "$(SRCROOT)/MyMap/MyMap.pch";
				INFOPLIST_FILE = MyMap/Info.plist;
				LD_RUNPATH_SEARCH_PATHS = "$(inherited) @executable_path/Frameworks";
				PRODUCT_NAME = "$(TARGET_NAME)";
			};
			name = Debug;
		};
		FEFC23F31AFC60B3009C89ED /* Release */ = {
			isa = XCBuildConfiguration;
			baseConfigurationReference = 80FFF66CF28A81892809F96A /* Pods.release.xcconfig */;
			buildSettings = {
				ASSETCATALOG_COMPILER_APPICON_NAME = AppIcon;
				ASSETCATALOG_COMPILER_LAUNCHIMAGE_NAME = LaunchImage;
				GCC_PRECOMPILE_PREFIX_HEADER = YES;
				GCC_PREFIX_HEADER = "$(SRCROOT)/MyMap/MyMap.pch";
				INFOPLIST_FILE = MyMap/Info.plist;
				LD_RUNPATH_SEARCH_PATHS = "$(inherited) @executable_path/Frameworks";
				PRODUCT_NAME = "$(TARGET_NAME)";
			};
			name = Release;
		};
		FEFC23F51AFC60B3009C89ED /* Debug */ = {
			isa = XCBuildConfiguration;
			buildSettings = {
				BUNDLE_LOADER = "$(TEST_HOST)";
				FRAMEWORK_SEARCH_PATHS = (
					"$(SDKROOT)/Developer/Library/Frameworks",
					"$(inherited)",
				);
				GCC_PREPROCESSOR_DEFINITIONS = (
					"DEBUG=1",
					"$(inherited)",
				);
				INFOPLIST_FILE = MyMapTests/Info.plist;
				LD_RUNPATH_SEARCH_PATHS = "$(inherited) @executable_path/Frameworks @loader_path/Frameworks";
				PRODUCT_NAME = "$(TARGET_NAME)";
				TEST_HOST = "$(BUILT_PRODUCTS_DIR)/MyMap.app/MyMap";
			};
			name = Debug;
		};
		FEFC23F61AFC60B3009C89ED /* Release */ = {
			isa = XCBuildConfiguration;
			buildSettings = {
				BUNDLE_LOADER = "$(TEST_HOST)";
				FRAMEWORK_SEARCH_PATHS = (
					"$(SDKROOT)/Developer/Library/Frameworks",
					"$(inherited)",
				);
				INFOPLIST_FILE = MyMapTests/Info.plist;
				LD_RUNPATH_SEARCH_PATHS = "$(inherited) @executable_path/Frameworks @loader_path/Frameworks";
				PRODUCT_NAME = "$(TARGET_NAME)";
				TEST_HOST = "$(BUILT_PRODUCTS_DIR)/MyMap.app/MyMap";
			};
			name = Release;
		};
/* End XCBuildConfiguration section */

/* Begin XCConfigurationList section */
		FEFC23C91AFC60B3009C89ED /* Build configuration list for PBXProject "MyMap" */ = {
			isa = XCConfigurationList;
			buildConfigurations = (
				FEFC23EF1AFC60B3009C89ED /* Debug */,
				FEFC23F01AFC60B3009C89ED /* Release */,
			);
			defaultConfigurationIsVisible = 0;
			defaultConfigurationName = Release;
		};
		FEFC23F11AFC60B3009C89ED /* Build configuration list for PBXNativeTarget "MyMap" */ = {
			isa = XCConfigurationList;
			buildConfigurations = (
				FEFC23F21AFC60B3009C89ED /* Debug */,
				FEFC23F31AFC60B3009C89ED /* Release */,
			);
			defaultConfigurationIsVisible = 0;
			defaultConfigurationName = Release;
		};
		FEFC23F41AFC60B3009C89ED /* Build configuration list for PBXNativeTarget "MyMapTests" */ = {
			isa = XCConfigurationList;
			buildConfigurations = (
				FEFC23F51AFC60B3009C89ED /* Debug */,
				FEFC23F61AFC60B3009C89ED /* Release */,
			);
			defaultConfigurationIsVisible = 0;
			defaultConfigurationName = Release;
		};
/* End XCConfigurationList section */
	};
	rootObject = FEFC23C61AFC60B3009C89ED /* Project object */;
}
